
Microsoft Visual Studio Solution File, Format Version 12.00
# Visual Studio Version 17
VisualStudioVersion = 17.8.34408.163
MinimumVisualStudioVersion = 10.0.40219.1
Project("{9A19103F-16F7-4668-BE54-9A1E7A4F7556}") = "UserPracticeWeb.API", "UserPracticeWeb.API\UserPracticeWeb.API.csproj", "{DDED8322-87E4-48A1-A955-CF434A135809}"
EndProject
Project("{FAE04EC0-301F-11D3-BF4B-00C04F79EFBC}") = "LINQ_practices", "LINQ_practices\LINQ_practices.csproj", "{5B659A10-592F-4C83-B033-D7EF20803904}"
EndProject
Global
	GlobalSection(SolutionConfigurationPlatforms) = preSolution
		Debug|Any CPU = Debug|Any CPU
		Release|Any CPU = Release|Any CPU
	EndGlobalSection
	GlobalSection(ProjectConfigurationPlatforms) = postSolution
		{DDED8322-87E4-48A1-A955-CF434A135809}.Debug|Any CPU.ActiveCfg = Debug|Any CPU
		{DDED8322-87E4-48A1-A955-CF434A135809}.Debug|Any CPU.Build.0 = Debug|Any CPU
		{DDED8322-87E4-48A1-A955-CF434A135809}.Release|Any CPU.ActiveCfg = Release|Any CPU
		{DDED8322-87E4-48A1-A955-CF434A135809}.Release|Any CPU.Build.0 = Release|Any CPU
		{5B659A10-592F-4C83-B033-D7EF20803904}.Debug|Any CPU.ActiveCfg = Debug|Any CPU
		{5B659A10-592F-4C83-B033-D7EF20803904}.Debug|Any CPU.Build.0 = Debug|Any CPU
		{5B659A10-592F-4C83-B033-D7EF20803904}.Release|Any CPU.ActiveCfg = Release|Any CPU
		{5B659A10-592F-4C83-B033-D7EF20803904}.Release|Any CPU.Build.0 = Release|Any CPU
	EndGlobalSection
	GlobalSection(SolutionProperties) = preSolution
		HideSolutionNode = FALSE
	EndGlobalSection
	GlobalSection(ExtensibilityGlobals) = postSolution
		SolutionGuid = {C567402F-4AFD-4733-9FAF-42526B77FF62}
	EndGlobalSection
EndGlobal
